// !$*UTF8*$!
{
	archiveVersion = 1;
	classes = {
	};
	objectVersion = 55;
	objects = {

/* Begin PBXBuildFile section */
		6A25871E27EEC075000916A2 /* AppDelegate.swift in Sources */ = {isa = PBXBuildFile; fileRef = 6A25871D27EEC075000916A2 /* AppDelegate.swift */; };
		6A25872027EEC075000916A2 /* SceneDelegate.swift in Sources */ = {isa = PBXBuildFile; fileRef = 6A25871F27EEC075000916A2 /* SceneDelegate.swift */; };
		6A25872527EEC075000916A2 /* Main.storyboard in Resources */ = {isa = PBXBuildFile; fileRef = 6A25872327EEC075000916A2 /* Main.storyboard */; };
		6A25872727EEC076000916A2 /* Assets.xcassets in Resources */ = {isa = PBXBuildFile; fileRef = 6A25872627EEC076000916A2 /* Assets.xcassets */; };
		6A25872A27EEC076000916A2 /* LaunchScreen.storyboard in Resources */ = {isa = PBXBuildFile; fileRef = 6A25872827EEC076000916A2 /* LaunchScreen.storyboard */; };
		6A25873527EEC076000916A2 /* ParstagramTests.swift in Sources */ = {isa = PBXBuildFile; fileRef = 6A25873427EEC076000916A2 /* ParstagramTests.swift */; };
		6A25873F27EEC076000916A2 /* ParstagramUITests.swift in Sources */ = {isa = PBXBuildFile; fileRef = 6A25873E27EEC076000916A2 /* ParstagramUITests.swift */; };
		6A25874127EEC076000916A2 /* ParstagramUITestsLaunchTests.swift in Sources */ = {isa = PBXBuildFile; fileRef = 6A25874027EEC076000916A2 /* ParstagramUITestsLaunchTests.swift */; };
		6A25874E27EEC474000916A2 /* LoginViewController.swift in Sources */ = {isa = PBXBuildFile; fileRef = 6A25874D27EEC474000916A2 /* LoginViewController.swift */; };
		6A25875027EEC485000916A2 /* FeedViewController.swift in Sources */ = {isa = PBXBuildFile; fileRef = 6A25874F27EEC485000916A2 /* FeedViewController.swift */; };
		6A25875427EED26F000916A2 /* Api Keys.swift in Sources */ = {isa = PBXBuildFile; fileRef = 6A25875327EED26F000916A2 /* Api Keys.swift */; };
		6A25875627EED825000916A2 /* CameraViewController.swift in Sources */ = {isa = PBXBuildFile; fileRef = 6A25875527EED825000916A2 /* CameraViewController.swift */; };
		6A25875827EEE7F7000916A2 /* PostCell.swift in Sources */ = {isa = PBXBuildFile; fileRef = 6A25875727EEE7F7000916A2 /* PostCell.swift */; };
		A734627336EFD1DA05F5A1AB /* Pods_Parstagram.framework in Frameworks */ = {isa = PBXBuildFile; fileRef = B89D6A1D00ED4B1ECE4FE390 /* Pods_Parstagram.framework */; };
/* End PBXBuildFile section */

/* Begin PBXContainerItemProxy section */
		6A25873127EEC076000916A2 /* PBXContainerItemProxy */ = {
			isa = PBXContainerItemProxy;
			containerPortal = 6A25871227EEC075000916A2 /* Project object */;
			proxyType = 1;
			remoteGlobalIDString = 6A25871927EEC075000916A2;
			remoteInfo = Parstagram;
		};
		6A25873B27EEC076000916A2 /* PBXContainerItemProxy */ = {
			isa = PBXContainerItemProxy;
			containerPortal = 6A25871227EEC075000916A2 /* Project object */;
			proxyType = 1;
			remoteGlobalIDString = 6A25871927EEC075000916A2;
			remoteInfo = Parstagram;
		};
/* End PBXContainerItemProxy section */

/* Begin PBXFileReference section */
		23F2EA1831EFE85ED5B44501 /* Pods-Parstagram.release.xcconfig */ = {isa = PBXFileReference; includeInIndex = 1; lastKnownFileType = text.xcconfig; name = "Pods-Parstagram.release.xcconfig"; path = "Target Support Files/Pods-Parstagram/Pods-Parstagram.release.xcconfig"; sourceTree = "<group>"; };
		6A25871A27EEC075000916A2 /* Parstagram.app */ = {isa = PBXFileReference; explicitFileType = wrapper.application; includeInIndex = 0; path = Parstagram.app; sourceTree = BUILT_PRODUCTS_DIR; };
		6A25871D27EEC075000916A2 /* AppDelegate.swift */ = {isa = PBXFileReference; lastKnownFileType = sourcecode.swift; path = AppDelegate.swift; sourceTree = "<group>"; };
		6A25871F27EEC075000916A2 /* SceneDelegate.swift */ = {isa = PBXFileReference; lastKnownFileType = sourcecode.swift; path = SceneDelegate.swift; sourceTree = "<group>"; };
		6A25872427EEC075000916A2 /* Base */ = {isa = PBXFileReference; lastKnownFileType = file.storyboard; name = Base; path = Base.lproj/Main.storyboard; sourceTree = "<group>"; };
		6A25872627EEC076000916A2 /* Assets.xcassets */ = {isa = PBXFileReference; lastKnownFileType = folder.assetcatalog; path = Assets.xcassets; sourceTree = "<group>"; };
		6A25872927EEC076000916A2 /* Base */ = {isa = PBXFileReference; lastKnownFileType = file.storyboard; name = Base; path = Base.lproj/LaunchScreen.storyboard; sourceTree = "<group>"; };
		6A25872B27EEC076000916A2 /* Info.plist */ = {isa = PBXFileReference; lastKnownFileType = text.plist.xml; path = Info.plist; sourceTree = "<group>"; };
		6A25873027EEC076000916A2 /* ParstagramTests.xctest */ = {isa = PBXFileReference; explicitFileType = wrapper.cfbundle; includeInIndex = 0; path = ParstagramTests.xctest; sourceTree = BUILT_PRODUCTS_DIR; };
		6A25873427EEC076000916A2 /* ParstagramTests.swift */ = {isa = PBXFileReference; lastKnownFileType = sourcecode.swift; path = ParstagramTests.swift; sourceTree = "<group>"; };
		6A25873A27EEC076000916A2 /* ParstagramUITests.xctest */ = {isa = PBXFileReference; explicitFileType = wrapper.cfbundle; includeInIndex = 0; path = ParstagramUITests.xctest; sourceTree = BUILT_PRODUCTS_DIR; };
		6A25873E27EEC076000916A2 /* ParstagramUITests.swift */ = {isa = PBXFileReference; lastKnownFileType = sourcecode.swift; path = ParstagramUITests.swift; sourceTree = "<group>"; };
		6A25874027EEC076000916A2 /* ParstagramUITestsLaunchTests.swift */ = {isa = PBXFileReference; lastKnownFileType = sourcecode.swift; path = ParstagramUITestsLaunchTests.swift; sourceTree = "<group>"; };
		6A25874D27EEC474000916A2 /* LoginViewController.swift */ = {isa = PBXFileReference; lastKnownFileType = sourcecode.swift; path = LoginViewController.swift; sourceTree = "<group>"; };
		6A25874F27EEC485000916A2 /* FeedViewController.swift */ = {isa = PBXFileReference; lastKnownFileType = sourcecode.swift; path = FeedViewController.swift; sourceTree = "<group>"; };
		6A25875327EED26F000916A2 /* Api Keys.swift */ = {isa = PBXFileReference; lastKnownFileType = sourcecode.swift; path = "Api Keys.swift"; sourceTree = "<group>"; };
		6A25875527EED825000916A2 /* CameraViewController.swift */ = {isa = PBXFileReference; lastKnownFileType = sourcecode.swift; path = CameraViewController.swift; sourceTree = "<group>"; };
		6A25875727EEE7F7000916A2 /* PostCell.swift */ = {isa = PBXFileReference; lastKnownFileType = sourcecode.swift; path = PostCell.swift; sourceTree = "<group>"; };
		6F669046054DCD48BE2F8A60 /* Pods-Parstagram.debug.xcconfig */ = {isa = PBXFileReference; includeInIndex = 1; lastKnownFileType = text.xcconfig; name = "Pods-Parstagram.debug.xcconfig"; path = "Target Support Files/Pods-Parstagram/Pods-Parstagram.debug.xcconfig"; sourceTree = "<group>"; };
		B89D6A1D00ED4B1ECE4FE390 /* Pods_Parstagram.framework */ = {isa = PBXFileReference; explicitFileType = wrapper.framework; includeInIndex = 0; path = Pods_Parstagram.framework; sourceTree = BUILT_PRODUCTS_DIR; };
/* End PBXFileReference section */

/* Begin PBXFrameworksBuildPhase section */
		6A25871727EEC075000916A2 /* Frameworks */ = {
			isa = PBXFrameworksBuildPhase;
			buildActionMask = 2147483647;
			files = (
				A734627336EFD1DA05F5A1AB /* Pods_Parstagram.framework in Frameworks */,
			);
			runOnlyForDeploymentPostprocessing = 0;
		};
		6A25872D27EEC076000916A2 /* Frameworks */ = {
			isa = PBXFrameworksBuildPhase;
			buildActionMask = 2147483647;
			files = (
			);
			runOnlyForDeploymentPostprocessing = 0;
		};
		6A25873727EEC076000916A2 /* Frameworks */ = {
			isa = PBXFrameworksBuildPhase;
			buildActionMask = 2147483647;
			files = (
			);
			runOnlyForDeploymentPostprocessing = 0;
		};
/* End PBXFrameworksBuildPhase section */

/* Begin PBXGroup section */
		6A25871127EEC075000916A2 = {
			isa = PBXGroup;
			children = (
				6A25871C27EEC075000916A2 /* Parstagram */,
				6A25873327EEC076000916A2 /* ParstagramTests */,
				6A25873D27EEC076000916A2 /* ParstagramUITests */,
				6A25871B27EEC075000916A2 /* Products */,
				DDB10CEDC934FC5410A0002E /* Pods */,
				6F47BF9C42E00DA7B6CA8BD0 /* Frameworks */,
			);
			sourceTree = "<group>";
		};
		6A25871B27EEC075000916A2 /* Products */ = {
			isa = PBXGroup;
			children = (
				6A25871A27EEC075000916A2 /* Parstagram.app */,
				6A25873027EEC076000916A2 /* ParstagramTests.xctest */,
				6A25873A27EEC076000916A2 /* ParstagramUITests.xctest */,
			);
			name = Products;
			sourceTree = "<group>";
		};
		6A25871C27EEC075000916A2 /* Parstagram */ = {
			isa = PBXGroup;
			children = (
				6A25871D27EEC075000916A2 /* AppDelegate.swift */,
				6A25871F27EEC075000916A2 /* SceneDelegate.swift */,
				6A25872327EEC075000916A2 /* Main.storyboard */,
				6A25875527EED825000916A2 /* CameraViewController.swift */,
				6A25875327EED26F000916A2 /* Api Keys.swift */,
				6A25874D27EEC474000916A2 /* LoginViewController.swift */,
				6A25874F27EEC485000916A2 /* FeedViewController.swift */,
				6A25875727EEE7F7000916A2 /* PostCell.swift */,
				6A25872627EEC076000916A2 /* Assets.xcassets */,
				6A25872827EEC076000916A2 /* LaunchScreen.storyboard */,
				6A25872B27EEC076000916A2 /* Info.plist */,
			);
			path = Parstagram;
			sourceTree = "<group>";
		};
		6A25873327EEC076000916A2 /* ParstagramTests */ = {
			isa = PBXGroup;
			children = (
				6A25873427EEC076000916A2 /* ParstagramTests.swift */,
			);
			path = ParstagramTests;
			sourceTree = "<group>";
		};
		6A25873D27EEC076000916A2 /* ParstagramUITests */ = {
			isa = PBXGroup;
			children = (
				6A25873E27EEC076000916A2 /* ParstagramUITests.swift */,
				6A25874027EEC076000916A2 /* ParstagramUITestsLaunchTests.swift */,
			);
			path = ParstagramUITests;
			sourceTree = "<group>";
		};
		6F47BF9C42E00DA7B6CA8BD0 /* Frameworks */ = {
			isa = PBXGroup;
			children = (
				B89D6A1D00ED4B1ECE4FE390 /* Pods_Parstagram.framework */,
			);
			name = Frameworks;
			sourceTree = "<group>";
		};
		DDB10CEDC934FC5410A0002E /* Pods */ = {
			isa = PBXGroup;
			children = (
				6F669046054DCD48BE2F8A60 /* Pods-Parstagram.debug.xcconfig */,
				23F2EA1831EFE85ED5B44501 /* Pods-Parstagram.release.xcconfig */,
			);
			path = Pods;
			sourceTree = "<group>";
		};
/* End PBXGroup section */

/* Begin PBXNativeTarget section */
		6A25871927EEC075000916A2 /* Parstagram */ = {
			isa = PBXNativeTarget;
			buildConfigurationList = 6A25874427EEC076000916A2 /* Build configuration list for PBXNativeTarget "Parstagram" */;
			buildPhases = (
				AC7378315E90A8470CDF20B8 /* [CP] Check Pods Manifest.lock */,
				6A25871627EEC075000916A2 /* Sources */,
				6A25871727EEC075000916A2 /* Frameworks */,
				6A25871827EEC075000916A2 /* Resources */,
				F625A95AA860B27F5AA7279B /* [CP] Embed Pods Frameworks */,
			);
			buildRules = (
			);
			dependencies = (
			);
			name = Parstagram;
			productName = Parstagram;
			productReference = 6A25871A27EEC075000916A2 /* Parstagram.app */;
			productType = "com.apple.product-type.application";
		};
		6A25872F27EEC076000916A2 /* ParstagramTests */ = {
			isa = PBXNativeTarget;
			buildConfigurationList = 6A25874727EEC076000916A2 /* Build configuration list for PBXNativeTarget "ParstagramTests" */;
			buildPhases = (
				6A25872C27EEC076000916A2 /* Sources */,
				6A25872D27EEC076000916A2 /* Frameworks */,
				6A25872E27EEC076000916A2 /* Resources */,
			);
			buildRules = (
			);
			dependencies = (
				6A25873227EEC076000916A2 /* PBXTargetDependency */,
			);
			name = ParstagramTests;
			productName = ParstagramTests;
			productReference = 6A25873027EEC076000916A2 /* ParstagramTests.xctest */;
			productType = "com.apple.product-type.bundle.unit-test";
		};
		6A25873927EEC076000916A2 /* ParstagramUITests */ = {
			isa = PBXNativeTarget;
			buildConfigurationList = 6A25874A27EEC076000916A2 /* Build configuration list for PBXNativeTarget "ParstagramUITests" */;
			buildPhases = (
				6A25873627EEC076000916A2 /* Sources */,
				6A25873727EEC076000916A2 /* Frameworks */,
				6A25873827EEC076000916A2 /* Resources */,
			);
			buildRules = (
			);
			dependencies = (
				6A25873C27EEC076000916A2 /* PBXTargetDependency */,
			);
			name = ParstagramUITests;
			productName = ParstagramUITests;
			productReference = 6A25873A27EEC076000916A2 /* ParstagramUITests.xctest */;
			productType = "com.apple.product-type.bundle.ui-testing";
		};
/* End PBXNativeTarget section */

/* Begin PBXProject section */
		6A25871227EEC075000916A2 /* Project object */ = {
			isa = PBXProject;
			attributes = {
				BuildIndependentTargetsInParallel = 1;
				LastSwiftUpdateCheck = 1320;
				LastUpgradeCheck = 1320;
				TargetAttributes = {
					6A25871927EEC075000916A2 = {
						CreatedOnToolsVersion = 13.2.1;
					};
					6A25872F27EEC076000916A2 = {
						CreatedOnToolsVersion = 13.2.1;
						TestTargetID = 6A25871927EEC075000916A2;
					};
					6A25873927EEC076000916A2 = {
						CreatedOnToolsVersion = 13.2.1;
						TestTargetID = 6A25871927EEC075000916A2;
					};
				};
			};
			buildConfigurationList = 6A25871527EEC075000916A2 /* Build configuration list for PBXProject "Parstagram" */;
			compatibilityVersion = "Xcode 13.0";
			developmentRegion = en;
			hasScannedForEncodings = 0;
			knownRegions = (
				en,
				Base,
			);
			mainGroup = 6A25871127EEC075000916A2;
			productRefGroup = 6A25871B27EEC075000916A2 /* Products */;
			projectDirPath = "";
			projectRoot = "";
			targets = (
				6A25871927EEC075000916A2 /* Parstagram */,
				6A25872F27EEC076000916A2 /* ParstagramTests */,
				6A25873927EEC076000916A2 /* ParstagramUITests */,
			);
		};
/* End PBXProject section */

/* Begin PBXResourcesBuildPhase section */
		6A25871827EEC075000916A2 /* Resources */ = {
			isa = PBXResourcesBuildPhase;
			buildActionMask = 2147483647;
			files = (
				6A25872A27EEC076000916A2 /* LaunchScreen.storyboard in Resources */,
				6A25872727EEC076000916A2 /* Assets.xcassets in Resources */,
				6A25872527EEC075000916A2 /* Main.storyboard in Resources */,
			);
			runOnlyForDeploymentPostprocessing = 0;
		};
		6A25872E27EEC076000916A2 /* Resources */ = {
			isa = PBXResourcesBuildPhase;
			buildActionMask = 2147483647;
			files = (
			);
			runOnlyForDeploymentPostprocessing = 0;
		};
		6A25873827EEC076000916A2 /* Resources */ = {
			isa = PBXResourcesBuildPhase;
			buildActionMask = 2147483647;
			files = (
			);
			runOnlyForDeploymentPostprocessing = 0;
		};
/* End PBXResourcesBuildPhase section */

/* Begin PBXShellScriptBuildPhase section */
		AC7378315E90A8470CDF20B8 /* [CP] Check Pods Manifest.lock */ = {
			isa = PBXShellScriptBuildPhase;
			buildActionMask = 2147483647;
			files = (
			);
			inputFileListPaths = (
			);
			inputPaths = (
				"${PODS_PODFILE_DIR_PATH}/Podfile.lock",
				"${PODS_ROOT}/Manifest.lock",
			);
			name = "[CP] Check Pods Manifest.lock";
			outputFileListPaths = (
			);
			outputPaths = (
				"$(DERIVED_FILE_DIR)/Pods-Parstagram-checkManifestLockResult.txt",
			);
			runOnlyForDeploymentPostprocessing = 0;
			shellPath = /bin/sh;
			shellScript = "diff \"${PODS_PODFILE_DIR_PATH}/Podfile.lock\" \"${PODS_ROOT}/Manifest.lock\" > /dev/null\nif [ $? != 0 ] ; then\n    # print error to STDERR\n    echo \"error: The sandbox is not in sync with the Podfile.lock. Run 'pod install' or update your CocoaPods installation.\" >&2\n    exit 1\nfi\n# This output is used by Xcode 'outputs' to avoid re-running this script phase.\necho \"SUCCESS\" > \"${SCRIPT_OUTPUT_FILE_0}\"\n";
			showEnvVarsInLog = 0;
		};
		F625A95AA860B27F5AA7279B /* [CP] Embed Pods Frameworks */ = {
			isa = PBXShellScriptBuildPhase;
			buildActionMask = 2147483647;
			files = (
			);
			inputFileListPaths = (
				"${PODS_ROOT}/Target Support Files/Pods-Parstagram/Pods-Parstagram-frameworks-${CONFIGURATION}-input-files.xcfilelist",
			);
			name = "[CP] Embed Pods Frameworks";
			outputFileListPaths = (
				"${PODS_ROOT}/Target Support Files/Pods-Parstagram/Pods-Parstagram-frameworks-${CONFIGURATION}-output-files.xcfilelist",
			);
			runOnlyForDeploymentPostprocessing = 0;
			shellPath = /bin/sh;
			shellScript = "\"${PODS_ROOT}/Target Support Files/Pods-Parstagram/Pods-Parstagram-frameworks.sh\"\n";
			showEnvVarsInLog = 0;
		};
/* End PBXShellScriptBuildPhase section */

/* Begin PBXSourcesBuildPhase section */
		6A25871627EEC075000916A2 /* Sources */ = {
			isa = PBXSourcesBuildPhase;
			buildActionMask = 2147483647;
			files = (
				6A25875827EEE7F7000916A2 /* PostCell.swift in Sources */,
				6A25874E27EEC474000916A2 /* LoginViewController.swift in Sources */,
				6A25871E27EEC075000916A2 /* AppDelegate.swift in Sources */,
				6A25875027EEC485000916A2 /* FeedViewController.swift in Sources */,
				6A25872027EEC075000916A2 /* SceneDelegate.swift in Sources */,
				6A25875427EED26F000916A2 /* Api Keys.swift in Sources */,
				6A25875627EED825000916A2 /* CameraViewController.swift in Sources */,
			);
			runOnlyForDeploymentPostprocessing = 0;
		};
		6A25872C27EEC076000916A2 /* Sources */ = {
			isa = PBXSourcesBuildPhase;
			buildActionMask = 2147483647;
			files = (
				6A25873527EEC076000916A2 /* ParstagramTests.swift in Sources */,
			);
			runOnlyForDeploymentPostprocessing = 0;
		};
		6A25873627EEC076000916A2 /* Sources */ = {
			isa = PBXSourcesBuildPhase;
			buildActionMask = 2147483647;
			files = (
				6A25874127EEC076000916A2 /* ParstagramUITestsLaunchTests.swift in Sources */,
				6A25873F27EEC076000916A2 /* ParstagramUITests.swift in Sources */,
			);
			runOnlyForDeploymentPostprocessing = 0;
		};
/* End PBXSourcesBuildPhase section */

/* Begin PBXTargetDependency section */
		6A25873227EEC076000916A2 /* PBXTargetDependency */ = {
			isa = PBXTargetDependency;
			target = 6A25871927EEC075000916A2 /* Parstagram */;
			targetProxy = 6A25873127EEC076000916A2 /* PBXContainerItemProxy */;
		};
		6A25873C27EEC076000916A2 /* PBXTargetDependency */ = {
			isa = PBXTargetDependency;
			target = 6A25871927EEC075000916A2 /* Parstagram */;
			targetProxy = 6A25873B27EEC076000916A2 /* PBXContainerItemProxy */;
		};
/* End PBXTargetDependency section */

/* Begin PBXVariantGroup section */
		6A25872327EEC075000916A2 /* Main.storyboard */ = {
			isa = PBXVariantGroup;
			children = (
				6A25872427EEC075000916A2 /* Base */,
			);
			name = Main.storyboard;
			sourceTree = "<group>";
		};
		6A25872827EEC076000916A2 /* LaunchScreen.storyboard */ = {
			isa = PBXVariantGroup;
			children = (
				6A25872927EEC076000916A2 /* Base */,
			);
			name = LaunchScreen.storyboard;
			sourceTree = "<group>";
		};
/* End PBXVariantGroup section */

/* Begin XCBuildConfiguration section */
		6A25874227EEC076000916A2 /* Debug */ = {
			isa = XCBuildConfiguration;
			buildSettings = {
				ALWAYS_SEARCH_USER_PATHS = NO;
				CLANG_ANALYZER_NONNULL = YES;
				CLANG_ANALYZER_NUMBER_OBJECT_CONVERSION = YES_AGGRESSIVE;
				CLANG_CXX_LANGUAGE_STANDARD = "gnu++17";
				CLANG_CXX_LIBRARY = "libc++";
				CLANG_ENABLE_MODULES = YES;
				CLANG_ENABLE_OBJC_ARC = YES;
				CLANG_ENABLE_OBJC_WEAK = YES;
				CLANG_WARN_BLOCK_CAPTURE_AUTORELEASING = YES;
				CLANG_WARN_BOOL_CONVERSION = YES;
				CLANG_WARN_COMMA = YES;
				CLANG_WARN_CONSTANT_CONVERSION = YES;
				CLANG_WARN_DEPRECATED_OBJC_IMPLEMENTATIONS = YES;
				CLANG_WARN_DIRECT_OBJC_ISA_USAGE = YES_ERROR;
				CLANG_WARN_DOCUMENTATION_COMMENTS = YES;
				CLANG_WARN_EMPTY_BODY = YES;
				CLANG_WARN_ENUM_CONVERSION = YES;
				CLANG_WARN_INFINITE_RECURSION = YES;
				CLANG_WARN_INT_CONVERSION = YES;
				CLANG_WARN_NON_LITERAL_NULL_CONVERSION = YES;
				CLANG_WARN_OBJC_IMPLICIT_RETAIN_SELF = YES;
				CLANG_WARN_OBJC_LITERAL_CONVERSION = YES;
				CLANG_WARN_OBJC_ROOT_CLASS = YES_ERROR;
				CLANG_WARN_QUOTED_INCLUDE_IN_FRAMEWORK_HEADER = YES;
				CLANG_WARN_RANGE_LOOP_ANALYSIS = YES;
				CLANG_WARN_STRICT_PROTOTYPES = YES;
				CLANG_WARN_SUSPICIOUS_MOVE = YES;
				CLANG_WARN_UNGUARDED_AVAILABILITY = YES_AGGRESSIVE;
				CLANG_WARN_UNREACHABLE_CODE = YES;
				CLANG_WARN__DUPLICATE_METHOD_MATCH = YES;
				COPY_PHASE_STRIP = NO;
				DEBUG_INFORMATION_FORMAT = dwarf;
				ENABLE_STRICT_OBJC_MSGSEND = YES;
				ENABLE_TESTABILITY = YES;
				GCC_C_LANGUAGE_STANDARD = gnu11;
				GCC_DYNAMIC_NO_PIC = NO;
				GCC_NO_COMMON_BLOCKS = YES;
				GCC_OPTIMIZATION_LEVEL = 0;
				GCC_PREPROCESSOR_DEFINITIONS = (
					"DEBUG=1",
					"$(inherited)",
				);
				GCC_WARN_64_TO_32_BIT_CONVERSION = YES;
				GCC_WARN_ABOUT_RETURN_TYPE = YES_ERROR;
				GCC_WARN_UNDECLARED_SELECTOR = YES;
				GCC_WARN_UNINITIALIZED_AUTOS = YES_AGGRESSIVE;
				GCC_WARN_UNUSED_FUNCTION = YES;
				GCC_WARN_UNUSED_VARIABLE = YES;
				IPHONEOS_DEPLOYMENT_TARGET = 15.2;
				MTL_ENABLE_DEBUG_INFO = INCLUDE_SOURCE;
				MTL_FAST_MATH = YES;
				ONLY_ACTIVE_ARCH = YES;
				SDKROOT = iphoneos;
				SWIFT_ACTIVE_COMPILATION_CONDITIONS = DEBUG;
				SWIFT_OPTIMIZATION_LEVEL = "-Onone";
			};
			name = Debug;
		};
		6A25874327EEC076000916A2 /* Release */ = {
			isa = XCBuildConfiguration;
			buildSettings = {
				ALWAYS_SEARCH_USER_PATHS = NO;
				CLANG_ANALYZER_NONNULL = YES;
				CLANG_ANALYZER_NUMBER_OBJECT_CONVERSION = YES_AGGRESSIVE;
				CLANG_CXX_LANGUAGE_STANDARD = "gnu++17";
				CLANG_CXX_LIBRARY = "libc++";
				CLANG_ENABLE_MODULES = YES;
				CLANG_ENABLE_OBJC_ARC = YES;
				CLANG_ENABLE_OBJC_WEAK = YES;
				CLANG_WARN_BLOCK_CAPTURE_AUTORELEASING = YES;
				CLANG_WARN_BOOL_CONVERSION = YES;
				CLANG_WARN_COMMA = YES;
				CLANG_WARN_CONSTANT_CONVERSION = YES;
				CLANG_WARN_DEPRECATED_OBJC_IMPLEMENTATIONS = YES;
				CLANG_WARN_DIRECT_OBJC_ISA_USAGE = YES_ERROR;
				CLANG_WARN_DOCUMENTATION_COMMENTS = YES;
				CLANG_WARN_EMPTY_BODY = YES;
				CLANG_WARN_ENUM_CONVERSION = YES;
				CLANG_WARN_INFINITE_RECURSION = YES;
				CLANG_WARN_INT_CONVERSION = YES;
				CLANG_WARN_NON_LITERAL_NULL_CONVERSION = YES;
				CLANG_WARN_OBJC_IMPLICIT_RETAIN_SELF = YES;
				CLANG_WARN_OBJC_LITERAL_CONVERSION = YES;
				CLANG_WARN_OBJC_ROOT_CLASS = YES_ERROR;
				CLANG_WARN_QUOTED_INCLUDE_IN_FRAMEWORK_HEADER = YES;
				CLANG_WARN_RANGE_LOOP_ANALYSIS = YES;
				CLANG_WARN_STRICT_PROTOTYPES = YES;
				CLANG_WARN_SUSPICIOUS_MOVE = YES;
				CLANG_WARN_UNGUARDED_AVAILABILITY = YES_AGGRESSIVE;
				CLANG_WARN_UNREACHABLE_CODE = YES;
				CLANG_WARN__DUPLICATE_METHOD_MATCH = YES;
				COPY_PHASE_STRIP = NO;
				DEBUG_INFORMATION_FORMAT = "dwarf-with-dsym";
				ENABLE_NS_ASSERTIONS = NO;
				ENABLE_STRICT_OBJC_MSGSEND = YES;
				GCC_C_LANGUAGE_STANDARD = gnu11;
				GCC_NO_COMMON_BLOCKS = YES;
				GCC_WARN_64_TO_32_BIT_CONVERSION = YES;
				GCC_WARN_ABOUT_RETURN_TYPE = YES_ERROR;
				GCC_WARN_UNDECLARED_SELECTOR = YES;
				GCC_WARN_UNINITIALIZED_AUTOS = YES_AGGRESSIVE;
				GCC_WARN_UNUSED_FUNCTION = YES;
				GCC_WARN_UNUSED_VARIABLE = YES;
				IPHONEOS_DEPLOYMENT_TARGET = 15.2;
				MTL_ENABLE_DEBUG_INFO = NO;
				MTL_FAST_MATH = YES;
				SDKROOT = iphoneos;
				SWIFT_COMPILATION_MODE = wholemodule;
				SWIFT_OPTIMIZATION_LEVEL = "-O";
				VALIDATE_PRODUCT = YES;
			};
			name = Release;
		};
		6A25874527EEC076000916A2 /* Debug */ = {
			isa = XCBuildConfiguration;
			baseConfigurationReference = 6F669046054DCD48BE2F8A60 /* Pods-Parstagram.debug.xcconfig */;
			buildSettings = {
				ASSETCATALOG_COMPILER_APPICON_NAME = AppIcon;
				ASSETCATALOG_COMPILER_GLOBAL_ACCENT_COLOR_NAME = AccentColor;
				CODE_SIGN_STYLE = Automatic;
				CURRENT_PROJECT_VERSION = 1;
				GENERATE_INFOPLIST_FILE = YES;
				INFOPLIST_FILE = Parstagram/Info.plist;
				INFOPLIST_KEY_UIApplicationSupportsIndirectInputEvents = YES;
				INFOPLIST_KEY_UILaunchStoryboardName = LaunchScreen;
				INFOPLIST_KEY_UIMainStoryboardFile = Main;
				INFOPLIST_KEY_UISupportedInterfaceOrientations_iPad = "UIInterfaceOrientationPortrait UIInterfaceOrientationPortraitUpsideDown UIInterfaceOrientationLandscapeLeft UIInterfaceOrientationLandscapeRight";
				INFOPLIST_KEY_UISupportedInterfaceOrientations_iPhone = "UIInterfaceOrientationPortrait UIInterfaceOrientationLandscapeLeft UIInterfaceOrientationLandscapeRight";
				LD_RUNPATH_SEARCH_PATHS = (
					"$(inherited)",
					"@executable_path/Frameworks",
				);
				MARKETING_VERSION = 1.0;
				PRODUCT_BUNDLE_IDENTIFIER = "Albert-Tadros.Parstagram";
				PRODUCT_NAME = "$(TARGET_NAME)";
				SWIFT_EMIT_LOC_STRINGS = YES;
				SWIFT_VERSION = 5.0;
				TARGETED_DEVICE_FAMILY = "1,2";
			};
			name = Debug;
		};
		6A25874627EEC076000916A2 /* Release */ = {
			isa = XCBuildConfiguration;
			baseConfigurationReference = 23F2EA1831EFE85ED5B44501 /* Pods-Parstagram.release.xcconfig */;
			buildSettings = {
				ASSETCATALOG_COMPILER_APPICON_NAME = AppIcon;
				ASSETCATALOG_COMPILER_GLOBAL_ACCENT_COLOR_NAME = AccentColor;
				CODE_SIGN_STYLE = Automatic;
				CURRENT_PROJECT_VERSION = 1;
				GENERATE_INFOPLIST_FILE = YES;
				INFOPLIST_FILE = Parstagram/Info.plist;
				INFOPLIST_KEY_UIApplicationSupportsIndirectInputEvents = YES;
				INFOPLIST_KEY_UILaunchStoryboardName = LaunchScreen;
				INFOPLIST_KEY_UIMainStoryboardFile = Main;
				INFOPLIST_KEY_UISupportedInterfaceOrientations_iPad = "UIInterfaceOrientationPortrait UIInterfaceOrientationPortraitUpsideDown UIInterfaceOrientationLandscapeLeft UIInterfaceOrientationLandscapeRight";
				INFOPLIST_KEY_UISupportedInterfaceOrientations_iPhone = "UIInterfaceOrientationPortrait UIInterfaceOrientationLandscapeLeft UIInterfaceOrientationLandscapeRight";
				LD_RUNPATH_SEARCH_PATHS = (
					"$(inherited)",
					"@executable_path/Frameworks",
				);
				MARKETING_VERSION = 1.0;
				PRODUCT_BUNDLE_IDENTIFIER = "Albert-Tadros.Parstagram";
				PRODUCT_NAME = "$(TARGET_NAME)";
				SWIFT_EMIT_LOC_STRINGS = YES;
				SWIFT_VERSION = 5.0;
				TARGETED_DEVICE_FAMILY = "1,2";
			};
			name = Release;
		};
		6A25874827EEC076000916A2 /* Debug */ = {
			isa = XCBuildConfiguration;
			buildSettings = {
				ALWAYS_EMBED_SWIFT_STANDARD_LIBRARIES = YES;
				BUNDLE_LOADER = "$(TEST_HOST)";
				CODE_SIGN_STYLE = Automatic;
				CURRENT_PROJECT_VERSION = 1;
				GENERATE_INFOPLIST_FILE = YES;
				IPHONEOS_DEPLOYMENT_TARGET = 15.2;
				MARKETING_VERSION = 1.0;
				PRODUCT_BUNDLE_IDENTIFIER = "Albert-Tadros.ParstagramTests";
				PRODUCT_NAME = "$(TARGET_NAME)";
				SWIFT_EMIT_LOC_STRINGS = NO;
				SWIFT_VERSION = 5.0;
				TARGETED_DEVICE_FAMILY = "1,2";
				TEST_HOST = "$(BUILT_PRODUCTS_DIR)/Parstagram.app/Parstagram";
			};
			name = Debug;
		};
		6A25874927EEC076000916A2 /* Release */ = {
			isa = XCBuildConfiguration;
			buildSettings = {
				ALWAYS_EMBED_SWIFT_STANDARD_LIBRARIES = YES;
				BUNDLE_LOADER = "$(TEST_HOST)";
				CODE_SIGN_STYLE = Automatic;
				CURRENT_PROJECT_VERSION = 1;
				GENERATE_INFOPLIST_FILE = YES;
				IPHONEOS_DEPLOYMENT_TARGET = 15.2;
				MARKETING_VERSION = 1.0;
				PRODUCT_BUNDLE_IDENTIFIER = "Albert-Tadros.ParstagramTests";
				PRODUCT_NAME = "$(TARGET_NAME)";
				SWIFT_EMIT_LOC_STRINGS = NO;
				SWIFT_VERSION = 5.0;
				TARGETED_DEVICE_FAMILY = "1,2";
				TEST_HOST = "$(BUILT_PRODUCTS_DIR)/Parstagram.app/Parstagram";
			};
			name = Release;
		};
		6A25874B27EEC076000916A2 /* Debug */ = {
			isa = XCBuildConfiguration;
			buildSettings = {
				ALWAYS_EMBED_SWIFT_STANDARD_LIBRARIES = YES;
				CODE_SIGN_STYLE = Automatic;
				CURRENT_PROJECT_VERSION = 1;
				GENERATE_INFOPLIST_FILE = YES;
				MARKETING_VERSION = 1.0;
				PRODUCT_BUNDLE_IDENTIFIER = "Albert-Tadros.ParstagramUITests";
				PRODUCT_NAME = "$(TARGET_NAME)";
				SWIFT_EMIT_LOC_STRINGS = NO;
				SWIFT_VERSION = 5.0;
				TARGETED_DEVICE_FAMILY = "1,2";
				TEST_TARGET_NAME = Parstagram;
			};
			name = Debug;
		};
		6A25874C27EEC076000916A2 /* Release */ = {
			isa = XCBuildConfiguration;
			buildSettings = {
				ALWAYS_EMBED_SWIFT_STANDARD_LIBRARIES = YES;
				CODE_SIGN_STYLE = Automatic;
				CURRENT_PROJECT_VERSION = 1;
				GENERATE_INFOPLIST_FILE = YES;
				MARKETING_VERSION = 1.0;
				PRODUCT_BUNDLE_IDENTIFIER = "Albert-Tadros.ParstagramUITests";
				PRODUCT_NAME = "$(TARGET_NAME)";
				SWIFT_EMIT_LOC_STRINGS = NO;
				SWIFT_VERSION = 5.0;
				TARGETED_DEVICE_FAMILY = "1,2";
				TEST_TARGET_NAME = Parstagram;
			};
			name = Release;
		};
/* End XCBuildConfiguration section */

/* Begin XCConfigurationList section */
		6A25871527EEC075000916A2 /* Build configuration list for PBXProject "Parstagram" */ = {
			isa = XCConfigurationList;
			buildConfigurations = (
				6A25874227EEC076000916A2 /* Debug */,
				6A25874327EEC076000916A2 /* Release */,
			);
			defaultConfigurationIsVisible = 0;
			defaultConfigurationName = Release;
		};
		6A25874427EEC076000916A2 /* Build configuration list for PBXNativeTarget "Parstagram" */ = {
			isa = XCConfigurationList;
			buildConfigurations = (
				6A25874527EEC076000916A2 /* Debug */,
				6A25874627EEC076000916A2 /* Release */,
			);
			defaultConfigurationIsVisible = 0;
			defaultConfigurationName = Release;
		};
		6A25874727EEC076000916A2 /* Build configuration list for PBXNativeTarget "ParstagramTests" */ = {
			isa = XCConfigurationList;
			buildConfigurations = (
				6A25874827EEC076000916A2 /* Debug */,
				6A25874927EEC076000916A2 /* Release */,
			);
			defaultConfigurationIsVisible = 0;
			defaultConfigurationName = Release;
		};
		6A25874A27EEC076000916A2 /* Build configuration list for PBXNativeTarget "ParstagramUITests" */ = {
			isa = XCConfigurationList;
			buildConfigurations = (
				6A25874B27EEC076000916A2 /* Debug */,
				6A25874C27EEC076000916A2 /* Release */,
			);
			defaultConfigurationIsVisible = 0;
			defaultConfigurationName = Release;
		};
/* End XCConfigurationList section */
	};
	rootObject = 6A25871227EEC075000916A2 /* Project object */;
}
